
Microsoft Visual Studio Solution File, Format Version 12.00
# Visual Studio 15
VisualStudioVersion = 15.0.28307.572
MinimumVisualStudioVersion = 10.0.40219.1
Project("{FAE04EC0-301F-11D3-BF4B-00C04F79EFBC}") = "WildMagic", "WildMagic\WildMagic.csproj", "{8EFF0E0F-A7E5-4B50-9D9F-1B6774AA37A3}"
EndProject
Global
	GlobalSection(SolutionConfigurationPlatforms) = preSolution
		Debug|Any CPU = Debug|Any CPU
		Release|Any CPU = Release|Any CPU
	EndGlobalSection
	GlobalSection(ProjectConfigurationPlatforms) = postSolution
		{8EFF0E0F-A7E5-4B50-9D9F-1B6774AA37A3}.Debug|Any CPU.ActiveCfg = Debug|Any CPU
		{8EFF0E0F-A7E5-4B50-9D9F-1B6774AA37A3}.Debug|Any CPU.Build.0 = Debug|Any CPU
		{8EFF0E0F-A7E5-4B50-9D9F-1B6774AA37A3}.Release|Any CPU.ActiveCfg = Release|Any CPU
		{8EFF0E0F-A7E5-4B50-9D9F-1B6774AA37A3}.Release|Any CPU.Build.0 = Release|Any CPU
	EndGlobalSection
	GlobalSection(SolutionProperties) = preSolution
		HideSolutionNode = FALSE
	EndGlobalSection
	GlobalSection(ExtensibilityGlobals) = postSolution
		SolutionGuid = {F56D7A79-8BBA-4A46-9001-BC1A2CFE5C31}
	EndGlobalSection
EndGlobal
